{
  "version": 4,
  "terraform_version": "1.1.9",
  "serial": 187,
  "lineage": "f3255ada-861f-6708-46c7-a35b365997f5",
  "outputs": {},
  "resources": [
    {
      "mode": "managed",
      "type": "proxmox_vm_qemu",
      "name": "k3s-master-01",
      "provider": "provider[\"registry.terraform.io/telmate/proxmox\"]",
      "instances": [
        {
          "index_key": 0,
          "schema_version": 0,
          "attributes": {
            "additional_wait": 0,
            "agent": 1,
            "args": "",
            "automatic_reboot": true,
            "balloon": 0,
            "bios": "seabios",
            "boot": "c",
            "bootdisk": "scsi0",
            "bridge": "",
            "ci_wait": null,
            "cicustom": "",
            "cipassword": "",
            "ciuser": "coen",
            "clone": "k3s-template",
            "clone_wait": 0,
            "cloudinit_cdrom_storage": null,
            "cores": 8,
            "cpu": "host",
            "default_ipv4_address": "192.168.1.11",
            "define_connection_info": true,
            "desc": "",
            "disk": [
              {
                "aio": "",
                "backup": 0,
                "cache": "none",
                "discard": "",
                "file": "vm-211-disk-0",
                "format": "raw",
                "iothread": 1,
                "mbps": 0,
                "mbps_rd": 0,
                "mbps_rd_max": 0,
                "mbps_wr": 0,
                "mbps_wr_max": 0,
                "media": "",
                "replicate": 0,
                "size": "32G",
                "slot": 0,
                "ssd": 0,
                "storage": "vm-storage",
                "storage_type": "zfspool",
                "type": "scsi",
                "volume": "vm-storage:vm-211-disk-0"
              }
            ],
            "disk_gb": 0,
            "force_create": false,
            "force_recreate_on_change_of": null,
            "full_clone": true,
            "guest_agent_ready_timeout": 100,
            "hagroup": "",
            "hastate": "",
            "hotplug": "network,disk,usb",
            "id": "pve/qemu/211",
            "ipconfig0": "ip=192.168.1.11/24,gw=192.168.1.1",
            "ipconfig1": "",
            "ipconfig2": "",
            "ipconfig3": "",
            "ipconfig4": "",
            "ipconfig5": "",
            "iso": null,
            "kvm": true,
            "mac": "",
            "memory": 4096,
            "name": "k3s-master-01",
            "nameserver": "192.168.1.1",
            "network": [
              {
                "bridge": "vmbr0",
                "firewall": false,
                "link_down": false,
                "macaddr": "52:8C:C7:85:46:7B",
                "model": "virtio",
                "mtu": 0,
                "queues": 0,
                "rate": 0,
                "tag": -1
              }
            ],
            "nic": "",
            "numa": false,
            "onboot": false,
            "oncreate": true,
            "os_network_config": null,
            "os_type": "cloud-init",
            "pool": "",
            "preprovision": true,
            "pxe": null,
            "qemu_os": "l26",
            "reboot_required": false,
            "scsihw": "virtio-scsi-pci",
            "searchdomain": "",
            "serial": [],
            "sockets": 1,
            "ssh_forward_ip": null,
            "ssh_host": "192.168.1.11",
            "ssh_port": "22",
            "ssh_private_key": null,
            "ssh_user": null,
            "sshkeys": "ssh-rsa AAAAB3NzaC1yc2EAAAADAQABAAABgQC6l4dJF1fjPM6+aXq4J6ZDQmbeiP2H8C32w9zAXfq8bAXr0alfX2Hy/aUcTG9di/ZiI/EyuYKKRpaxCQor1p3O3R2EXKg19rEjFAlTfTO/TbL+1O/eX+5DYSlxwGbxVjB+w1jg1rh6urkTqN/22o/dw+py++arh4X5Zk3wJukGprAkhWIUU4B4uuP1yy5ZLKTOCbNh82kPjPeRdMqo7E025PgdMi5HWB1md/hmaSQlQeop7DDLOiuW5sb8kK65JZJHCrG42KQmTJt1ag2CtCAVzgerjoZ+gDEu7pdIA5QvrUc/ha7oUlAfUQgxmdZG2N89fummh5sXleXHBeKCmTMR9REV9EjDnOtITckwHV3Rz1I3ICYLDk1OuMYdYTuklGUcHMVhfJIvg2IK0XYpip5ii/63uTje8N2CcSF2CBeXo0bnJ7qUAl2F0h6BhUowSgxssuDhckUQ2eiFlyJM1DdWGBB8Ajh8wgXtw/isrold49EOGkQ1Z4+XpS2AglM6RmE= coen@ubuntu-laptop-02\n\n",
            "storage": "",
            "storage_type": "",
            "tablet": true,
            "tags": "",
            "target_node": "pve",
            "timeouts": null,
            "unused_disk": [],
            "usb": [],
            "vcpus": 0,
            "vga": [],
            "vlan": -1,
            "vmid": 211
          },
          "sensitive_attributes": [],
          "private": "eyJlMmJmYjczMC1lY2FhLTExZTYtOGY4OC0zNDM2M2JjN2M0YzAiOnsiY3JlYXRlIjozMDAwMDAwMDAwMDAsImRlZmF1bHQiOjMwMDAwMDAwMDAwMCwiZGVsZXRlIjoxODAwMDAwMDAwMDAsInJlYWQiOjE4MDAwMDAwMDAwMCwidXBkYXRlIjoxODAwMDAwMDAwMDB9fQ==",
          "dependencies": [
            "random_password.k3s_token"
          ]
        }
      ]
    },
    {
      "mode": "managed",
      "type": "proxmox_vm_qemu",
      "name": "k3s-master-02",
      "provider": "provider[\"registry.terraform.io/telmate/proxmox\"]",
      "instances": [
        {
          "index_key": 0,
          "schema_version": 0,
          "attributes": {
            "additional_wait": 0,
            "agent": 1,
            "args": "",
            "automatic_reboot": true,
            "balloon": 0,
            "bios": "seabios",
            "boot": "c",
            "bootdisk": "scsi0",
            "bridge": "",
            "ci_wait": null,
            "cicustom": "",
            "cipassword": "",
            "ciuser": "coen",
            "clone": "k3s-template",
            "clone_wait": 0,
            "cloudinit_cdrom_storage": null,
            "cores": 8,
            "cpu": "host",
            "default_ipv4_address": "192.168.1.12",
            "define_connection_info": true,
            "desc": "",
            "disk": [
              {
                "aio": "",
                "backup": 0,
                "cache": "none",
                "discard": "",
                "file": "vm-212-disk-0",
                "format": "raw",
                "iothread": 1,
                "mbps": 0,
                "mbps_rd": 0,
                "mbps_rd_max": 0,
                "mbps_wr": 0,
                "mbps_wr_max": 0,
                "media": "",
                "replicate": 0,
                "size": "32G",
                "slot": 0,
                "ssd": 0,
                "storage": "vm-storage",
                "storage_type": "zfspool",
                "type": "scsi",
                "volume": "vm-storage:vm-212-disk-0"
              }
            ],
            "disk_gb": 0,
            "force_create": false,
            "force_recreate_on_change_of": null,
            "full_clone": true,
            "guest_agent_ready_timeout": 100,
            "hagroup": "",
            "hastate": "",
            "hotplug": "network,disk,usb",
            "id": "pve/qemu/212",
            "ipconfig0": "ip=192.168.1.12/24,gw=192.168.1.1",
            "ipconfig1": "",
            "ipconfig2": "",
            "ipconfig3": "",
            "ipconfig4": "",
            "ipconfig5": "",
            "iso": null,
            "kvm": true,
            "mac": "",
            "memory": 4096,
            "name": "k3s-master-02",
            "nameserver": "192.168.1.1",
            "network": [
              {
                "bridge": "vmbr0",
                "firewall": false,
                "link_down": false,
                "macaddr": "F2:CD:A3:5B:49:23",
                "model": "virtio",
                "mtu": 0,
                "queues": 0,
                "rate": 0,
                "tag": -1
              }
            ],
            "nic": "",
            "numa": false,
            "onboot": false,
            "oncreate": true,
            "os_network_config": null,
            "os_type": "cloud-init",
            "pool": "",
            "preprovision": true,
            "pxe": null,
            "qemu_os": "l26",
            "reboot_required": false,
            "scsihw": "virtio-scsi-pci",
            "searchdomain": "",
            "serial": [],
            "sockets": 1,
            "ssh_forward_ip": null,
            "ssh_host": "192.168.1.12",
            "ssh_port": "22",
            "ssh_private_key": null,
            "ssh_user": null,
            "sshkeys": "ssh-rsa AAAAB3NzaC1yc2EAAAADAQABAAABgQC6l4dJF1fjPM6+aXq4J6ZDQmbeiP2H8C32w9zAXfq8bAXr0alfX2Hy/aUcTG9di/ZiI/EyuYKKRpaxCQor1p3O3R2EXKg19rEjFAlTfTO/TbL+1O/eX+5DYSlxwGbxVjB+w1jg1rh6urkTqN/22o/dw+py++arh4X5Zk3wJukGprAkhWIUU4B4uuP1yy5ZLKTOCbNh82kPjPeRdMqo7E025PgdMi5HWB1md/hmaSQlQeop7DDLOiuW5sb8kK65JZJHCrG42KQmTJt1ag2CtCAVzgerjoZ+gDEu7pdIA5QvrUc/ha7oUlAfUQgxmdZG2N89fummh5sXleXHBeKCmTMR9REV9EjDnOtITckwHV3Rz1I3ICYLDk1OuMYdYTuklGUcHMVhfJIvg2IK0XYpip5ii/63uTje8N2CcSF2CBeXo0bnJ7qUAl2F0h6BhUowSgxssuDhckUQ2eiFlyJM1DdWGBB8Ajh8wgXtw/isrold49EOGkQ1Z4+XpS2AglM6RmE= coen@ubuntu-laptop-02\n\n",
            "storage": "",
            "storage_type": "",
            "tablet": true,
            "tags": "",
            "target_node": "pve",
            "timeouts": null,
            "unused_disk": [],
            "usb": [],
            "vcpus": 0,
            "vga": [],
            "vlan": -1,
            "vmid": 212
          },
          "sensitive_attributes": [],
          "private": "eyJlMmJmYjczMC1lY2FhLTExZTYtOGY4OC0zNDM2M2JjN2M0YzAiOnsiY3JlYXRlIjozMDAwMDAwMDAwMDAsImRlZmF1bHQiOjMwMDAwMDAwMDAwMCwiZGVsZXRlIjoxODAwMDAwMDAwMDAsInJlYWQiOjE4MDAwMDAwMDAwMCwidXBkYXRlIjoxODAwMDAwMDAwMDB9fQ==",
          "dependencies": [
            "proxmox_vm_qemu.k3s-master-01",
            "random_password.k3s_token"
          ]
        }
      ]
    },
    {
      "mode": "managed",
      "type": "proxmox_vm_qemu",
      "name": "k3s-master-03",
      "provider": "provider[\"registry.terraform.io/telmate/proxmox\"]",
      "instances": [
        {
          "index_key": 0,
          "schema_version": 0,
          "attributes": {
            "additional_wait": 0,
            "agent": 1,
            "args": "",
            "automatic_reboot": true,
            "balloon": 0,
            "bios": "seabios",
            "boot": "c",
            "bootdisk": "scsi0",
            "bridge": "",
            "ci_wait": null,
            "cicustom": "",
            "cipassword": "",
            "ciuser": "coen",
            "clone": "k3s-template",
            "clone_wait": 0,
            "cloudinit_cdrom_storage": null,
            "cores": 8,
            "cpu": "host",
            "default_ipv4_address": "192.168.1.13",
            "define_connection_info": true,
            "desc": "",
            "disk": [
              {
                "aio": "",
                "backup": 0,
                "cache": "none",
                "discard": "",
                "file": "vm-213-disk-0",
                "format": "raw",
                "iothread": 1,
                "mbps": 0,
                "mbps_rd": 0,
                "mbps_rd_max": 0,
                "mbps_wr": 0,
                "mbps_wr_max": 0,
                "media": "",
                "replicate": 0,
                "size": "32G",
                "slot": 0,
                "ssd": 0,
                "storage": "vm-storage",
                "storage_type": "zfspool",
                "type": "scsi",
                "volume": "vm-storage:vm-213-disk-0"
              }
            ],
            "disk_gb": 0,
            "force_create": false,
            "force_recreate_on_change_of": null,
            "full_clone": true,
            "guest_agent_ready_timeout": 100,
            "hagroup": "",
            "hastate": "",
            "hotplug": "network,disk,usb",
            "id": "pve/qemu/213",
            "ipconfig0": "ip=192.168.1.13/24,gw=192.168.1.1",
            "ipconfig1": "",
            "ipconfig2": "",
            "ipconfig3": "",
            "ipconfig4": "",
            "ipconfig5": "",
            "iso": null,
            "kvm": true,
            "mac": "",
            "memory": 4096,
            "name": "k3s-master-03",
            "nameserver": "192.168.1.1",
            "network": [
              {
                "bridge": "vmbr0",
                "firewall": false,
                "link_down": false,
                "macaddr": "7A:40:56:95:BD:FA",
                "model": "virtio",
                "mtu": 0,
                "queues": 0,
                "rate": 0,
                "tag": -1
              }
            ],
            "nic": "",
            "numa": false,
            "onboot": false,
            "oncreate": true,
            "os_network_config": null,
            "os_type": "cloud-init",
            "pool": "",
            "preprovision": true,
            "pxe": null,
            "qemu_os": "l26",
            "reboot_required": false,
            "scsihw": "virtio-scsi-pci",
            "searchdomain": "",
            "serial": [],
            "sockets": 1,
            "ssh_forward_ip": null,
            "ssh_host": "192.168.1.13",
            "ssh_port": "22",
            "ssh_private_key": null,
            "ssh_user": null,
            "sshkeys": "ssh-rsa AAAAB3NzaC1yc2EAAAADAQABAAABgQC6l4dJF1fjPM6+aXq4J6ZDQmbeiP2H8C32w9zAXfq8bAXr0alfX2Hy/aUcTG9di/ZiI/EyuYKKRpaxCQor1p3O3R2EXKg19rEjFAlTfTO/TbL+1O/eX+5DYSlxwGbxVjB+w1jg1rh6urkTqN/22o/dw+py++arh4X5Zk3wJukGprAkhWIUU4B4uuP1yy5ZLKTOCbNh82kPjPeRdMqo7E025PgdMi5HWB1md/hmaSQlQeop7DDLOiuW5sb8kK65JZJHCrG42KQmTJt1ag2CtCAVzgerjoZ+gDEu7pdIA5QvrUc/ha7oUlAfUQgxmdZG2N89fummh5sXleXHBeKCmTMR9REV9EjDnOtITckwHV3Rz1I3ICYLDk1OuMYdYTuklGUcHMVhfJIvg2IK0XYpip5ii/63uTje8N2CcSF2CBeXo0bnJ7qUAl2F0h6BhUowSgxssuDhckUQ2eiFlyJM1DdWGBB8Ajh8wgXtw/isrold49EOGkQ1Z4+XpS2AglM6RmE= coen@ubuntu-laptop-02\n\n",
            "storage": "",
            "storage_type": "",
            "tablet": true,
            "tags": "",
            "target_node": "pve",
            "timeouts": null,
            "unused_disk": [],
            "usb": [],
            "vcpus": 0,
            "vga": [],
            "vlan": -1,
            "vmid": 213
          },
          "sensitive_attributes": [],
          "private": "eyJlMmJmYjczMC1lY2FhLTExZTYtOGY4OC0zNDM2M2JjN2M0YzAiOnsiY3JlYXRlIjozMDAwMDAwMDAwMDAsImRlZmF1bHQiOjMwMDAwMDAwMDAwMCwiZGVsZXRlIjoxODAwMDAwMDAwMDAsInJlYWQiOjE4MDAwMDAwMDAwMCwidXBkYXRlIjoxODAwMDAwMDAwMDB9fQ==",
          "dependencies": [
            "proxmox_vm_qemu.k3s-master-01",
            "proxmox_vm_qemu.k3s-master-02",
            "random_password.k3s_token"
          ]
        }
      ]
    },
    {
      "mode": "managed",
      "type": "proxmox_vm_qemu",
      "name": "k3s-workers",
      "provider": "provider[\"registry.terraform.io/telmate/proxmox\"]",
      "instances": [
        {
          "index_key": 0,
          "schema_version": 0,
          "attributes": {
            "additional_wait": 0,
            "agent": 1,
            "args": "",
            "automatic_reboot": true,
            "balloon": 0,
            "bios": "seabios",
            "boot": "c",
            "bootdisk": "scsi0",
            "bridge": "",
            "ci_wait": null,
            "cicustom": "",
            "cipassword": "",
            "ciuser": "coen",
            "clone": "k3s-template",
            "clone_wait": 0,
            "cloudinit_cdrom_storage": null,
            "cores": 8,
            "cpu": "host",
            "default_ipv4_address": "192.168.1.14",
            "define_connection_info": true,
            "desc": "",
            "disk": [
              {
                "aio": "",
                "backup": 0,
                "cache": "none",
                "discard": "",
                "file": "vm-214-disk-0",
                "format": "raw",
                "iothread": 1,
                "mbps": 0,
                "mbps_rd": 0,
                "mbps_rd_max": 0,
                "mbps_wr": 0,
                "mbps_wr_max": 0,
                "media": "",
                "replicate": 0,
                "size": "32G",
                "slot": 0,
                "ssd": 0,
                "storage": "vm-storage",
                "storage_type": "zfspool",
                "type": "scsi",
                "volume": "vm-storage:vm-214-disk-0"
              }
            ],
            "disk_gb": 0,
            "force_create": false,
            "force_recreate_on_change_of": null,
            "full_clone": true,
            "guest_agent_ready_timeout": 100,
            "hagroup": "",
            "hastate": "",
            "hotplug": "network,disk,usb",
            "id": "pve/qemu/214",
            "ipconfig0": "ip=192.168.1.14/24,gw=192.168.1.1",
            "ipconfig1": "",
            "ipconfig2": "",
            "ipconfig3": "",
            "ipconfig4": "",
            "ipconfig5": "",
            "iso": null,
            "kvm": true,
            "mac": "",
            "memory": 4096,
            "name": "k3s-worker-01",
            "nameserver": "192.168.1.1",
            "network": [
              {
                "bridge": "vmbr0",
                "firewall": false,
                "link_down": false,
                "macaddr": "CA:60:12:93:2A:F1",
                "model": "virtio",
                "mtu": 0,
                "queues": 0,
                "rate": 0,
                "tag": -1
              }
            ],
            "nic": "",
            "numa": false,
            "onboot": false,
            "oncreate": true,
            "os_network_config": null,
            "os_type": "cloud-init",
            "pool": "",
            "preprovision": true,
            "pxe": null,
            "qemu_os": "l26",
            "reboot_required": false,
            "scsihw": "virtio-scsi-pci",
            "searchdomain": "",
            "serial": [],
            "sockets": 1,
            "ssh_forward_ip": null,
            "ssh_host": "192.168.1.14",
            "ssh_port": "22",
            "ssh_private_key": null,
            "ssh_user": null,
            "sshkeys": "ssh-rsa AAAAB3NzaC1yc2EAAAADAQABAAABgQC6l4dJF1fjPM6+aXq4J6ZDQmbeiP2H8C32w9zAXfq8bAXr0alfX2Hy/aUcTG9di/ZiI/EyuYKKRpaxCQor1p3O3R2EXKg19rEjFAlTfTO/TbL+1O/eX+5DYSlxwGbxVjB+w1jg1rh6urkTqN/22o/dw+py++arh4X5Zk3wJukGprAkhWIUU4B4uuP1yy5ZLKTOCbNh82kPjPeRdMqo7E025PgdMi5HWB1md/hmaSQlQeop7DDLOiuW5sb8kK65JZJHCrG42KQmTJt1ag2CtCAVzgerjoZ+gDEu7pdIA5QvrUc/ha7oUlAfUQgxmdZG2N89fummh5sXleXHBeKCmTMR9REV9EjDnOtITckwHV3Rz1I3ICYLDk1OuMYdYTuklGUcHMVhfJIvg2IK0XYpip5ii/63uTje8N2CcSF2CBeXo0bnJ7qUAl2F0h6BhUowSgxssuDhckUQ2eiFlyJM1DdWGBB8Ajh8wgXtw/isrold49EOGkQ1Z4+XpS2AglM6RmE= coen@ubuntu-laptop-02\n\n",
            "storage": "",
            "storage_type": "",
            "tablet": true,
            "tags": "",
            "target_node": "pve",
            "timeouts": null,
            "unused_disk": [],
            "usb": [],
            "vcpus": 0,
            "vga": [],
            "vlan": -1,
            "vmid": 214
          },
          "sensitive_attributes": [],
          "private": "eyJlMmJmYjczMC1lY2FhLTExZTYtOGY4OC0zNDM2M2JjN2M0YzAiOnsiY3JlYXRlIjozMDAwMDAwMDAwMDAsImRlZmF1bHQiOjMwMDAwMDAwMDAwMCwiZGVsZXRlIjoxODAwMDAwMDAwMDAsInJlYWQiOjE4MDAwMDAwMDAwMCwidXBkYXRlIjoxODAwMDAwMDAwMDB9fQ==",
          "dependencies": [
            "proxmox_vm_qemu.k3s-master-01",
            "proxmox_vm_qemu.k3s-master-02",
            "proxmox_vm_qemu.k3s-master-03",
            "random_password.k3s_token"
          ]
        }
      ]
    },
    {
      "mode": "managed",
      "type": "random_password",
      "name": "k3s_token",
      "provider": "provider[\"registry.terraform.io/hashicorp/random\"]",
      "instances": [
        {
          "schema_version": 0,
          "attributes": {
            "id": "none",
            "keepers": null,
            "length": 16,
            "lower": true,
            "min_lower": 0,
            "min_numeric": 0,
            "min_special": 0,
            "min_upper": 0,
            "number": true,
            "override_special": null,
            "result": "uqwI7d6UJgayDD49",
            "special": false,
            "upper": true
          },
          "sensitive_attributes": [],
          "private": "bnVsbA=="
        }
      ]
    }
  ]
}
